
Microsoft Visual Studio Solution File, Format Version 12.00
# Visual Studio Version 17
VisualStudioVersion = 17.8.34322.80
MinimumVisualStudioVersion = 10.0.40219.1
Project("{FAE04EC0-301F-11D3-BF4B-00C04F79EFBC}") = "electroinc blood bank", "electroinc blood bank\electroinc blood bank.csproj", "{BD07D55C-EFF4-4614-9079-F0FEB20036A1}"
EndProject
Global
	GlobalSection(SolutionConfigurationPlatforms) = preSolution
		Debug|Any CPU = Debug|Any CPU
		Release|Any CPU = Release|Any CPU
	EndGlobalSection
	GlobalSection(ProjectConfigurationPlatforms) = postSolution
		{BD07D55C-EFF4-4614-9079-F0FEB20036A1}.Debug|Any CPU.ActiveCfg = Debug|Any CPU
		{BD07D55C-EFF4-4614-9079-F0FEB20036A1}.Debug|Any CPU.Build.0 = Debug|Any CPU
		{BD07D55C-EFF4-4614-9079-F0FEB20036A1}.Release|Any CPU.ActiveCfg = Release|Any CPU
		{BD07D55C-EFF4-4614-9079-F0FEB20036A1}.Release|Any CPU.Build.0 = Release|Any CPU
	EndGlobalSection
	GlobalSection(SolutionProperties) = preSolution
		HideSolutionNode = FALSE
	EndGlobalSection
	GlobalSection(ExtensibilityGlobals) = postSolution
		SolutionGuid = {A328A2FB-7280-4EA2-9722-2E3C1144A1D7}
	EndGlobalSection
EndGlobal
